
Microsoft Visual Studio Solution File, Format Version 12.00
# Visual Studio 15
VisualStudioVersion = 15.0.28307.329
MinimumVisualStudioVersion = 10.0.40219.1
Project("{FAE04EC0-301F-11D3-BF4B-00C04F79EFBC}") = "InnerProcess", "InnerProcess\InnerProcess.csproj", "{6D564CD3-E062-4CB0-B516-A7A51EEBAC87}"
EndProject
Project("{2150E333-8FDC-42A3-9474-1A3956D46DE8}") = "CrossProcess", "CrossProcess", "{87C1CAE6-7951-4C12-9B69-7F97CDDB4242}"
EndProject
Project("{FAE04EC0-301F-11D3-BF4B-00C04F79EFBC}") = "Process1", "Process1\Process1.csproj", "{2A0D9D21-8579-4FAB-8BD5-20AD274D79AD}"
EndProject
Project("{FAE04EC0-301F-11D3-BF4B-00C04F79EFBC}") = "Process2", "Process2\Process2.csproj", "{59AB511C-DFA6-4BC0-A329-96878D549F31}"
EndProject
Project("{FAE04EC0-301F-11D3-BF4B-00C04F79EFBC}") = "ReleaseHelper", "ReleaseHelper\ReleaseHelper.csproj", "{3C09F80A-3915-46B6-A113-81D21A7916AB}"
EndProject
Global
	GlobalSection(SolutionConfigurationPlatforms) = preSolution
		Debug|Any CPU = Debug|Any CPU
		Release|Any CPU = Release|Any CPU
	EndGlobalSection
	GlobalSection(ProjectConfigurationPlatforms) = postSolution
		{6D564CD3-E062-4CB0-B516-A7A51EEBAC87}.Debug|Any CPU.ActiveCfg = Debug|Any CPU
		{6D564CD3-E062-4CB0-B516-A7A51EEBAC87}.Debug|Any CPU.Build.0 = Debug|Any CPU
		{6D564CD3-E062-4CB0-B516-A7A51EEBAC87}.Release|Any CPU.ActiveCfg = Release|Any CPU
		{6D564CD3-E062-4CB0-B516-A7A51EEBAC87}.Release|Any CPU.Build.0 = Release|Any CPU
		{2A0D9D21-8579-4FAB-8BD5-20AD274D79AD}.Debug|Any CPU.ActiveCfg = Debug|Any CPU
		{2A0D9D21-8579-4FAB-8BD5-20AD274D79AD}.Debug|Any CPU.Build.0 = Debug|Any CPU
		{2A0D9D21-8579-4FAB-8BD5-20AD274D79AD}.Release|Any CPU.ActiveCfg = Release|Any CPU
		{2A0D9D21-8579-4FAB-8BD5-20AD274D79AD}.Release|Any CPU.Build.0 = Release|Any CPU
		{59AB511C-DFA6-4BC0-A329-96878D549F31}.Debug|Any CPU.ActiveCfg = Debug|Any CPU
		{59AB511C-DFA6-4BC0-A329-96878D549F31}.Debug|Any CPU.Build.0 = Debug|Any CPU
		{59AB511C-DFA6-4BC0-A329-96878D549F31}.Release|Any CPU.ActiveCfg = Release|Any CPU
		{59AB511C-DFA6-4BC0-A329-96878D549F31}.Release|Any CPU.Build.0 = Release|Any CPU
		{3C09F80A-3915-46B6-A113-81D21A7916AB}.Debug|Any CPU.ActiveCfg = Debug|Any CPU
		{3C09F80A-3915-46B6-A113-81D21A7916AB}.Debug|Any CPU.Build.0 = Debug|Any CPU
		{3C09F80A-3915-46B6-A113-81D21A7916AB}.Release|Any CPU.ActiveCfg = Release|Any CPU
		{3C09F80A-3915-46B6-A113-81D21A7916AB}.Release|Any CPU.Build.0 = Release|Any CPU
	EndGlobalSection
	GlobalSection(SolutionProperties) = preSolution
		HideSolutionNode = FALSE
	EndGlobalSection
	GlobalSection(NestedProjects) = preSolution
		{2A0D9D21-8579-4FAB-8BD5-20AD274D79AD} = {87C1CAE6-7951-4C12-9B69-7F97CDDB4242}
		{59AB511C-DFA6-4BC0-A329-96878D549F31} = {87C1CAE6-7951-4C12-9B69-7F97CDDB4242}
		{3C09F80A-3915-46B6-A113-81D21A7916AB} = {87C1CAE6-7951-4C12-9B69-7F97CDDB4242}
	EndGlobalSection
	GlobalSection(ExtensibilityGlobals) = postSolution
		SolutionGuid = {04FE3C14-6BCB-4F40-9409-E6264BC916F7}
	EndGlobalSection
EndGlobal
